
Microsoft Visual Studio Solution File, Format Version 12.00
# Visual Studio Version 17
VisualStudioVersion = 17.4.33213.308
MinimumVisualStudioVersion = 10.0.40219.1
Project("{9A19103F-16F7-4668-BE54-9A1E7A4F7556}") = "StandOfGlory", "StandOfGlory\StandOfGlory.csproj", "{A8170FFE-D7C9-4225-8B65-A124B8B0B00E}"
EndProject
Project("{9A19103F-16F7-4668-BE54-9A1E7A4F7556}") = "Data_Access", "..\Web_Api_FIrst_Project\Data_Access\Data_Access.csproj", "{08E7622F-03EA-4E5D-BD32-4137DA2B3B6E}"
EndProject
Project("{9A19103F-16F7-4668-BE54-9A1E7A4F7556}") = "BusinessLogic", "..\Web_Api_FIrst_Project\BusinessLogic\BusinessLogic.csproj", "{A30F6D82-976C-4E3B-9A50-B6FA07880029}"
EndProject
Global
	GlobalSection(SolutionConfigurationPlatforms) = preSolution
		Debug|Any CPU = Debug|Any CPU
		Release|Any CPU = Release|Any CPU
	EndGlobalSection
	GlobalSection(ProjectConfigurationPlatforms) = postSolution
		{A8170FFE-D7C9-4225-8B65-A124B8B0B00E}.Debug|Any CPU.ActiveCfg = Debug|Any CPU
		{A8170FFE-D7C9-4225-8B65-A124B8B0B00E}.Debug|Any CPU.Build.0 = Debug|Any CPU
		{A8170FFE-D7C9-4225-8B65-A124B8B0B00E}.Release|Any CPU.ActiveCfg = Release|Any CPU
		{A8170FFE-D7C9-4225-8B65-A124B8B0B00E}.Release|Any CPU.Build.0 = Release|Any CPU
		{08E7622F-03EA-4E5D-BD32-4137DA2B3B6E}.Debug|Any CPU.ActiveCfg = Debug|Any CPU
		{08E7622F-03EA-4E5D-BD32-4137DA2B3B6E}.Debug|Any CPU.Build.0 = Debug|Any CPU
		{08E7622F-03EA-4E5D-BD32-4137DA2B3B6E}.Release|Any CPU.ActiveCfg = Release|Any CPU
		{08E7622F-03EA-4E5D-BD32-4137DA2B3B6E}.Release|Any CPU.Build.0 = Release|Any CPU
		{A30F6D82-976C-4E3B-9A50-B6FA07880029}.Debug|Any CPU.ActiveCfg = Debug|Any CPU
		{A30F6D82-976C-4E3B-9A50-B6FA07880029}.Debug|Any CPU.Build.0 = Debug|Any CPU
		{A30F6D82-976C-4E3B-9A50-B6FA07880029}.Release|Any CPU.ActiveCfg = Release|Any CPU
		{A30F6D82-976C-4E3B-9A50-B6FA07880029}.Release|Any CPU.Build.0 = Release|Any CPU
	EndGlobalSection
	GlobalSection(SolutionProperties) = preSolution
		HideSolutionNode = FALSE
	EndGlobalSection
	GlobalSection(ExtensibilityGlobals) = postSolution
		SolutionGuid = {166FDE58-C4E0-4CB4-B4FC-D93B15E2BF2B}
	EndGlobalSection
EndGlobal
